
Microsoft Visual Studio Solution File, Format Version 12.00
# Visual Studio Version 17
VisualStudioVersion = 17.4.33122.133
MinimumVisualStudioVersion = 10.0.40219.1
Project("{9A19103F-16F7-4668-BE54-9A1E7A4F7556}") = "UnitTests", "UnitTests\UnitTests.csproj", "{678D49C3-034D-48F1-AA0D-4DDD301DE45D}"
EndProject
Project("{9A19103F-16F7-4668-BE54-9A1E7A4F7556}") = "Yafex", "Yafex\Yafex.csproj", "{2036737E-30F6-456A-A3A8-B0CD09ED2647}"
EndProject
Project("{9A19103F-16F7-4668-BE54-9A1E7A4F7556}") = "Yafex.CygwinLauncher", "Yafex.CygwinLauncher\Yafex.CygwinLauncher.csproj", "{9FC59A27-4DDA-4279-A5E6-D5B608539662}"
EndProject
Project("{FAE04EC0-301F-11D3-BF4B-00C04F79EFBC}") = "Yafex.Cmdline", "Yafex.Cmdline\Yafex.Cmdline.csproj", "{53922B04-F869-4D2D-90DC-5B87CF81DF96}"
EndProject
Project("{FAE04EC0-301F-11D3-BF4B-00C04F79EFBC}") = "Yafex.Cygwin", "Yafex.Cygwin\Yafex.Cygwin.csproj", "{98F8C9A4-F82C-4A42-9A7B-F63DA9BE53CB}"
EndProject
Global
	GlobalSection(SolutionConfigurationPlatforms) = preSolution
		Debug|Any CPU = Debug|Any CPU
		Release|Any CPU = Release|Any CPU
	EndGlobalSection
	GlobalSection(ProjectConfigurationPlatforms) = postSolution
		{678D49C3-034D-48F1-AA0D-4DDD301DE45D}.Debug|Any CPU.ActiveCfg = Debug|Any CPU
		{678D49C3-034D-48F1-AA0D-4DDD301DE45D}.Debug|Any CPU.Build.0 = Debug|Any CPU
		{678D49C3-034D-48F1-AA0D-4DDD301DE45D}.Release|Any CPU.ActiveCfg = Release|Any CPU
		{678D49C3-034D-48F1-AA0D-4DDD301DE45D}.Release|Any CPU.Build.0 = Release|Any CPU
		{2036737E-30F6-456A-A3A8-B0CD09ED2647}.Debug|Any CPU.ActiveCfg = Debug|Any CPU
		{2036737E-30F6-456A-A3A8-B0CD09ED2647}.Debug|Any CPU.Build.0 = Debug|Any CPU
		{2036737E-30F6-456A-A3A8-B0CD09ED2647}.Release|Any CPU.ActiveCfg = Release|Any CPU
		{2036737E-30F6-456A-A3A8-B0CD09ED2647}.Release|Any CPU.Build.0 = Release|Any CPU
		{9FC59A27-4DDA-4279-A5E6-D5B608539662}.Debug|Any CPU.ActiveCfg = Debug|Any CPU
		{9FC59A27-4DDA-4279-A5E6-D5B608539662}.Debug|Any CPU.Build.0 = Debug|Any CPU
		{9FC59A27-4DDA-4279-A5E6-D5B608539662}.Release|Any CPU.ActiveCfg = Release|Any CPU
		{9FC59A27-4DDA-4279-A5E6-D5B608539662}.Release|Any CPU.Build.0 = Release|Any CPU
		{53922B04-F869-4D2D-90DC-5B87CF81DF96}.Debug|Any CPU.ActiveCfg = Debug|Any CPU
		{53922B04-F869-4D2D-90DC-5B87CF81DF96}.Debug|Any CPU.Build.0 = Debug|Any CPU
		{53922B04-F869-4D2D-90DC-5B87CF81DF96}.Release|Any CPU.ActiveCfg = Release|Any CPU
		{53922B04-F869-4D2D-90DC-5B87CF81DF96}.Release|Any CPU.Build.0 = Release|Any CPU
		{98F8C9A4-F82C-4A42-9A7B-F63DA9BE53CB}.Debug|Any CPU.ActiveCfg = Debug|Any CPU
		{98F8C9A4-F82C-4A42-9A7B-F63DA9BE53CB}.Debug|Any CPU.Build.0 = Debug|Any CPU
		{98F8C9A4-F82C-4A42-9A7B-F63DA9BE53CB}.Release|Any CPU.ActiveCfg = Release|Any CPU
		{98F8C9A4-F82C-4A42-9A7B-F63DA9BE53CB}.Release|Any CPU.Build.0 = Release|Any CPU
	EndGlobalSection
	GlobalSection(SolutionProperties) = preSolution
		HideSolutionNode = FALSE
	EndGlobalSection
	GlobalSection(ExtensibilityGlobals) = postSolution
		SolutionGuid = {7467E23E-EBAF-403E-82E1-DC79219F215D}
	EndGlobalSection
EndGlobal
